{
  "name": "YA-GCal-Notion-Sync-Script",
  "lockfileVersion": 3,
  "requires": true,
  "packages": {
    "": {
      "dependencies": {
        "@types/google-apps-script": "^1.0.65"
      }
    },
    "node_modules/@types/google-apps-script": {
      "version": "1.0.65",
      "resolved": "https://registry.npmjs.org/@types/google-apps-script/-/google-apps-script-1.0.65.tgz",
      "integrity": "sha512-xv42geDxlc+mhFqACkHPVnU+isJxJGP+Eu3Z/wn2AMO11y123Ls2BybaGCijTPxznO4JL8Fzyejw637hbP/hxw=="
    }
  }
}
